<?xml version="1.0" encoding="utf-8"?>
<Project ToolsVersion="4.0" xmlns="http://schemas.microsoft.com/developer/msbuild/2003">
  <ItemGroup>
    <Filter Include="Engine">
      <UniqueIdentifier>{62a5b076-fea6-447a-a76a-86192afbfb1c}</UniqueIdentifier>
    </Filter>
    <Filter Include="Engine\private">
      <UniqueIdentifier>{b4eb0491-c8c9-4006-bd77-14e2ee5b2b23}</UniqueIdentifier>
    </Filter>
    <Filter Include="Engine\dx12">
      <UniqueIdentifier>{ae744d6e-68e0-4576-92f9-21cc9da0fea1}</UniqueIdentifier>
    </Filter>
    <Filter Include="Engine\dx12\private">
      <UniqueIdentifier>{ec2e95fe-3a7b-4b64-8f30-a47f1e7e9cdd}</UniqueIdentifier>
    </Filter>
    <Filter Include="Engine\private\asset">
      <UniqueIdentifier>{84db2176-9693-43e6-a068-c107a87bf18e}</UniqueIdentifier>
    </Filter>
    <Filter Include="Engine\asset">
      <UniqueIdentifier>{484b2056-43e0-454f-9162-a67ee0c83952}</UniqueIdentifier>
    </Filter>
  </ItemGroup>
  <ItemGroup>
    <ClInclude Include="src\engine\d3dx12.h">
      <Filter>Engine</Filter>
    </ClInclude>
    <ClInclude Include="src\engine\precompile.h">
      <Filter>Engine</Filter>
    </ClInclude>
    <ClInclude Include="src\engine\JEngine.h">
      <Filter>Engine</Filter>
    </ClInclude>
    <ClInclude Include="src\engine\JCommandQueue.h">
      <Filter>Engine</Filter>
    </ClInclude>
    <ClInclude Include="src\engine\JDevice.h">
      <Filter>Engine</Filter>
    </ClInclude>
    <ClInclude Include="src\engine\JSwapChain.h">
      <Filter>Engine</Filter>
    </ClInclude>
    <ClInclude Include="src\engine\JEngineContext.h">
      <Filter>Engine</Filter>
    </ClInclude>
    <ClInclude Include="src\engine\JRenderDefinition.h">
      <Filter>Engine</Filter>
    </ClInclude>
    <ClInclude Include="src\engine\JRenderTarget.h">
      <Filter>Engine</Filter>
    </ClInclude>
    <ClInclude Include="src\engine\dx12\JDx12Helper.h">
      <Filter>Engine\dx12</Filter>
    </ClInclude>
    <ClInclude Include="src\engine\JRenderContext.h">
      <Filter>Engine</Filter>
    </ClInclude>
    <ClInclude Include="src\engine\JRenderResource.h">
      <Filter>Engine</Filter>
    </ClInclude>
    <ClInclude Include="src\engine\asset\JMesh.h">
      <Filter>Engine\asset</Filter>
    </ClInclude>
    <ClInclude Include="src\engine\asset\JShader.h">
      <Filter>Engine\asset</Filter>
    </ClInclude>
    <ClInclude Include="src\engine\JHashFunction.h">
      <Filter>Engine</Filter>
    </ClInclude>
    <ClInclude Include="src\engine\JDescriptorHeapManager.h">
      <Filter>Engine</Filter>
    </ClInclude>
    <ClInclude Include="src\engine\JDescriptorHeap.h">
      <Filter>Engine</Filter>
    </ClInclude>
  </ItemGroup>
  <ItemGroup>
    <ClCompile Include="src\engine\private\JEngine.cpp">
      <Filter>Engine\private</Filter>
    </ClCompile>
    <ClCompile Include="src\engine\private\JCommandQueue.cpp">
      <Filter>Engine\private</Filter>
    </ClCompile>
    <ClCompile Include="src\engine\private\JDevice.cpp">
      <Filter>Engine\private</Filter>
    </ClCompile>
    <ClCompile Include="src\engine\private\JSwapChain.cpp">
      <Filter>Engine\private</Filter>
    </ClCompile>
    <ClCompile Include="src\engine\private\JEngineContext.cpp">
      <Filter>Engine\private</Filter>
    </ClCompile>
    <ClCompile Include="src\engine\private\JRenderTarget.cpp">
      <Filter>Engine\private</Filter>
    </ClCompile>
    <ClCompile Include="src\engine\dx12\private\JDx12Helper.cpp">
      <Filter>Engine\dx12\private</Filter>
    </ClCompile>
    <ClCompile Include="src\engine\private\asset\JMesh.cpp">
      <Filter>Engine\private\asset</Filter>
    </ClCompile>
    <ClCompile Include="src\engine\private\asset\JShader.cpp">
      <Filter>Engine\private\asset</Filter>
    </ClCompile>
    <ClCompile Include="src\engine\private\JRenderContext.cpp">
      <Filter>Engine\private</Filter>
    </ClCompile>
    <ClCompile Include="src\engine\private\JRenderResource.cpp">
      <Filter>Engine\private</Filter>
    </ClCompile>
    <ClCompile Include="src\engine\private\JHashFunction.cpp">
      <Filter>Engine\private</Filter>
    </ClCompile>
    <ClCompile Include="src\engine\private\JDescriptorHeapManager.cpp">
      <Filter>Engine\private</Filter>
    </ClCompile>
    <ClCompile Include="src\engine\private\JDescriptorHeap.cpp">
      <Filter>Engine\private</Filter>
    </ClCompile>
    <ClCompile Include="src\engine\private\JRenderDefinition.cpp">
      <Filter>Engine\private</Filter>
    </ClCompile>
  </ItemGroup>
</Project>